
Microsoft Visual Studio Solution File, Format Version 11.00
# Visual Studio 2010
Project("{FAE04EC0-301F-11D3-BF4B-00C04F79EFBC}") = "Assembly-CSharp", "Assembly-CSharp.csproj", "{E8D00C65-D96A-9AD6-81C1-5DCA0FE63FBB}"
EndProject
Global
	GlobalSection(SolutionConfigurationPlatforms) = preSolution
		Debug|Any CPU = Debug|Any CPU
		Release|Any CPU = Release|Any CPU
	EndGlobalSection
	GlobalSection(ProjectConfigurationPlatforms) = postSolution
		{E8D00C65-D96A-9AD6-81C1-5DCA0FE63FBB}.Debug|Any CPU.ActiveCfg = Debug|Any CPU
		{E8D00C65-D96A-9AD6-81C1-5DCA0FE63FBB}.Debug|Any CPU.Build.0 = Debug|Any CPU
		{E8D00C65-D96A-9AD6-81C1-5DCA0FE63FBB}.Release|Any CPU.ActiveCfg = Release|Any CPU
		{E8D00C65-D96A-9AD6-81C1-5DCA0FE63FBB}.Release|Any CPU.Build.0 = Release|Any CPU
	EndGlobalSection
	GlobalSection(SolutionProperties) = preSolution
		HideSolutionNode = FALSE
	EndGlobalSection
EndGlobal
